
Microsoft Visual Studio Solution File, Format Version 12.00
# Visual Studio Version 16
VisualStudioVersion = 16.0.31624.102
MinimumVisualStudioVersion = 10.0.40219.1
Project("{FAE04EC0-301F-11D3-BF4B-00C04F79EFBC}") = "TestService", "TestService\TestService.csproj", "{7D5BD488-DDF1-473F-B468-A72816F2F294}"
EndProject
Project("{FAE04EC0-301F-11D3-BF4B-00C04F79EFBC}") = "Common", "Common\Common.csproj", "{D942DD64-2FD2-490E-B37F-984BAA5FF851}"
EndProject
Project("{FAE04EC0-301F-11D3-BF4B-00C04F79EFBC}") = "Services", "Services\Services.csproj", "{4BC01C96-457B-425A-8FFE-2E71705FFF6E}"
EndProject
Project("{FAE04EC0-301F-11D3-BF4B-00C04F79EFBC}") = "IServices", "IServices\IServices.csproj", "{C83EC35D-2993-405B-B305-1D5B38832AFC}"
EndProject
Project("{FAE04EC0-301F-11D3-BF4B-00C04F79EFBC}") = "IRepository", "IRepository\IRepository.csproj", "{272D4FAC-EFBE-49D2-84C7-87F33CEEE54B}"
EndProject
Project("{FAE04EC0-301F-11D3-BF4B-00C04F79EFBC}") = "Repository", "Repository\Repository.csproj", "{0C11F6B3-55F4-472E-974D-291214590631}"
EndProject
Global
	GlobalSection(SolutionConfigurationPlatforms) = preSolution
		Debug|Any CPU = Debug|Any CPU
		Release|Any CPU = Release|Any CPU
	EndGlobalSection
	GlobalSection(ProjectConfigurationPlatforms) = postSolution
		{7D5BD488-DDF1-473F-B468-A72816F2F294}.Debug|Any CPU.ActiveCfg = Debug|Any CPU
		{7D5BD488-DDF1-473F-B468-A72816F2F294}.Debug|Any CPU.Build.0 = Debug|Any CPU
		{7D5BD488-DDF1-473F-B468-A72816F2F294}.Release|Any CPU.ActiveCfg = Release|Any CPU
		{7D5BD488-DDF1-473F-B468-A72816F2F294}.Release|Any CPU.Build.0 = Release|Any CPU
		{D942DD64-2FD2-490E-B37F-984BAA5FF851}.Debug|Any CPU.ActiveCfg = Debug|Any CPU
		{D942DD64-2FD2-490E-B37F-984BAA5FF851}.Debug|Any CPU.Build.0 = Debug|Any CPU
		{D942DD64-2FD2-490E-B37F-984BAA5FF851}.Release|Any CPU.ActiveCfg = Release|Any CPU
		{D942DD64-2FD2-490E-B37F-984BAA5FF851}.Release|Any CPU.Build.0 = Release|Any CPU
		{4BC01C96-457B-425A-8FFE-2E71705FFF6E}.Debug|Any CPU.ActiveCfg = Debug|Any CPU
		{4BC01C96-457B-425A-8FFE-2E71705FFF6E}.Debug|Any CPU.Build.0 = Debug|Any CPU
		{4BC01C96-457B-425A-8FFE-2E71705FFF6E}.Release|Any CPU.ActiveCfg = Release|Any CPU
		{4BC01C96-457B-425A-8FFE-2E71705FFF6E}.Release|Any CPU.Build.0 = Release|Any CPU
		{C83EC35D-2993-405B-B305-1D5B38832AFC}.Debug|Any CPU.ActiveCfg = Debug|Any CPU
		{C83EC35D-2993-405B-B305-1D5B38832AFC}.Debug|Any CPU.Build.0 = Debug|Any CPU
		{C83EC35D-2993-405B-B305-1D5B38832AFC}.Release|Any CPU.ActiveCfg = Release|Any CPU
		{C83EC35D-2993-405B-B305-1D5B38832AFC}.Release|Any CPU.Build.0 = Release|Any CPU
		{272D4FAC-EFBE-49D2-84C7-87F33CEEE54B}.Debug|Any CPU.ActiveCfg = Debug|Any CPU
		{272D4FAC-EFBE-49D2-84C7-87F33CEEE54B}.Debug|Any CPU.Build.0 = Debug|Any CPU
		{272D4FAC-EFBE-49D2-84C7-87F33CEEE54B}.Release|Any CPU.ActiveCfg = Release|Any CPU
		{272D4FAC-EFBE-49D2-84C7-87F33CEEE54B}.Release|Any CPU.Build.0 = Release|Any CPU
		{0C11F6B3-55F4-472E-974D-291214590631}.Debug|Any CPU.ActiveCfg = Debug|Any CPU
		{0C11F6B3-55F4-472E-974D-291214590631}.Debug|Any CPU.Build.0 = Debug|Any CPU
		{0C11F6B3-55F4-472E-974D-291214590631}.Release|Any CPU.ActiveCfg = Release|Any CPU
		{0C11F6B3-55F4-472E-974D-291214590631}.Release|Any CPU.Build.0 = Release|Any CPU
	EndGlobalSection
	GlobalSection(SolutionProperties) = preSolution
		HideSolutionNode = FALSE
	EndGlobalSection
	GlobalSection(ExtensibilityGlobals) = postSolution
		SolutionGuid = {CB7A4B21-162C-4783-9145-82FF2B8E98A2}
	EndGlobalSection
EndGlobal
